
Microsoft Visual Studio Solution File, Format Version 12.00
# Visual Studio Version 17
VisualStudioVersion = 17.1.32407.343
MinimumVisualStudioVersion = 10.0.40219.1
Project("{9A19103F-16F7-4668-BE54-9A1E7A4F7556}") = "Fast_0h_h1", "Fast_0h_h1\Fast_0h_h1.csproj", "{D6F2C2EC-B5BD-4F36-9DBD-940570A7E8FB}"
EndProject
Project("{9A19103F-16F7-4668-BE54-9A1E7A4F7556}") = "TestArea", "TestArea\TestArea.csproj", "{6A902BA2-4A25-4E3E-8F88-C6184302DFEF}"
EndProject
Global
	GlobalSection(SolutionConfigurationPlatforms) = preSolution
		Debug|Any CPU = Debug|Any CPU
		Release|Any CPU = Release|Any CPU
	EndGlobalSection
	GlobalSection(ProjectConfigurationPlatforms) = postSolution
		{D6F2C2EC-B5BD-4F36-9DBD-940570A7E8FB}.Debug|Any CPU.ActiveCfg = Debug|Any CPU
		{D6F2C2EC-B5BD-4F36-9DBD-940570A7E8FB}.Debug|Any CPU.Build.0 = Debug|Any CPU
		{D6F2C2EC-B5BD-4F36-9DBD-940570A7E8FB}.Release|Any CPU.ActiveCfg = Release|Any CPU
		{D6F2C2EC-B5BD-4F36-9DBD-940570A7E8FB}.Release|Any CPU.Build.0 = Release|Any CPU
		{6A902BA2-4A25-4E3E-8F88-C6184302DFEF}.Debug|Any CPU.ActiveCfg = Debug|Any CPU
		{6A902BA2-4A25-4E3E-8F88-C6184302DFEF}.Debug|Any CPU.Build.0 = Debug|Any CPU
		{6A902BA2-4A25-4E3E-8F88-C6184302DFEF}.Release|Any CPU.ActiveCfg = Release|Any CPU
		{6A902BA2-4A25-4E3E-8F88-C6184302DFEF}.Release|Any CPU.Build.0 = Release|Any CPU
	EndGlobalSection
	GlobalSection(SolutionProperties) = preSolution
		HideSolutionNode = FALSE
	EndGlobalSection
	GlobalSection(ExtensibilityGlobals) = postSolution
		SolutionGuid = {65CBF2A9-B55D-4B9A-9536-C55EEA47DECB}
	EndGlobalSection
EndGlobal
