
Microsoft Visual Studio Solution File, Format Version 12.00
# Visual Studio Version 17
VisualStudioVersion = 17.1.32407.343
MinimumVisualStudioVersion = 10.0.40219.1
Project("{9A19103F-16F7-4668-BE54-9A1E7A4F7556}") = "0h_h1_2D Console", "0h_h1_2D Console\0h_h1_2D Console.csproj", "{51351F36-1EC1-4F9C-A76E-C8112DE57E5A}"
EndProject
Project("{9A19103F-16F7-4668-BE54-9A1E7A4F7556}") = "0h_h1_3D Console", "0h_h1_3D Console\0h_h1_3D Console.csproj", "{761D745F-216A-4624-A376-144E667669D3}"
EndProject
Project("{9A19103F-16F7-4668-BE54-9A1E7A4F7556}") = "Optimized_0h_h1_3D Console", "Optimized_0h_h1_3D Console\Optimized_0h_h1_3D Console.csproj", "{AA8E17B9-AD9E-4A59-AB28-68E320C37898}"
EndProject
Project("{9A19103F-16F7-4668-BE54-9A1E7A4F7556}") = "Fast_0h_h1", "Fast_0h_h1\Fast_0h_h1.csproj", "{D6F2C2EC-B5BD-4F36-9DBD-940570A7E8FB}"
EndProject
Global
	GlobalSection(SolutionConfigurationPlatforms) = preSolution
		Debug|Any CPU = Debug|Any CPU
		Release|Any CPU = Release|Any CPU
	EndGlobalSection
	GlobalSection(ProjectConfigurationPlatforms) = postSolution
		{51351F36-1EC1-4F9C-A76E-C8112DE57E5A}.Debug|Any CPU.ActiveCfg = Debug|Any CPU
		{51351F36-1EC1-4F9C-A76E-C8112DE57E5A}.Debug|Any CPU.Build.0 = Debug|Any CPU
		{51351F36-1EC1-4F9C-A76E-C8112DE57E5A}.Release|Any CPU.ActiveCfg = Release|Any CPU
		{51351F36-1EC1-4F9C-A76E-C8112DE57E5A}.Release|Any CPU.Build.0 = Release|Any CPU
		{761D745F-216A-4624-A376-144E667669D3}.Debug|Any CPU.ActiveCfg = Debug|Any CPU
		{761D745F-216A-4624-A376-144E667669D3}.Debug|Any CPU.Build.0 = Debug|Any CPU
		{761D745F-216A-4624-A376-144E667669D3}.Release|Any CPU.ActiveCfg = Release|Any CPU
		{761D745F-216A-4624-A376-144E667669D3}.Release|Any CPU.Build.0 = Release|Any CPU
		{AA8E17B9-AD9E-4A59-AB28-68E320C37898}.Debug|Any CPU.ActiveCfg = Debug|Any CPU
		{AA8E17B9-AD9E-4A59-AB28-68E320C37898}.Debug|Any CPU.Build.0 = Debug|Any CPU
		{AA8E17B9-AD9E-4A59-AB28-68E320C37898}.Release|Any CPU.ActiveCfg = Release|Any CPU
		{AA8E17B9-AD9E-4A59-AB28-68E320C37898}.Release|Any CPU.Build.0 = Release|Any CPU
		{D6F2C2EC-B5BD-4F36-9DBD-940570A7E8FB}.Debug|Any CPU.ActiveCfg = Debug|Any CPU
		{D6F2C2EC-B5BD-4F36-9DBD-940570A7E8FB}.Debug|Any CPU.Build.0 = Debug|Any CPU
		{D6F2C2EC-B5BD-4F36-9DBD-940570A7E8FB}.Release|Any CPU.ActiveCfg = Release|Any CPU
		{D6F2C2EC-B5BD-4F36-9DBD-940570A7E8FB}.Release|Any CPU.Build.0 = Release|Any CPU
	EndGlobalSection
	GlobalSection(SolutionProperties) = preSolution
		HideSolutionNode = FALSE
	EndGlobalSection
	GlobalSection(ExtensibilityGlobals) = postSolution
		SolutionGuid = {65CBF2A9-B55D-4B9A-9536-C55EEA47DECB}
	EndGlobalSection
EndGlobal
